
Microsoft Visual Studio Solution File, Format Version 12.00
# Visual Studio 15
VisualStudioVersion = 15.0.26730.10
MinimumVisualStudioVersion = 10.0.40219.1
Project("{FAE04EC0-301F-11D3-BF4B-00C04F79EFBC}") = "SandBoxC", "SandBoxC\SandBoxC.csproj", "{614C1D57-1A34-44AB-B2CE-93BCF6718641}"
EndProject
Global
	GlobalSection(SolutionConfigurationPlatforms) = preSolution
		Debug|Any CPU = Debug|Any CPU
		Release|Any CPU = Release|Any CPU
	EndGlobalSection
	GlobalSection(ProjectConfigurationPlatforms) = postSolution
		{614C1D57-1A34-44AB-B2CE-93BCF6718641}.Debug|Any CPU.ActiveCfg = Debug|Any CPU
		{614C1D57-1A34-44AB-B2CE-93BCF6718641}.Debug|Any CPU.Build.0 = Debug|Any CPU
		{614C1D57-1A34-44AB-B2CE-93BCF6718641}.Release|Any CPU.ActiveCfg = Release|Any CPU
		{614C1D57-1A34-44AB-B2CE-93BCF6718641}.Release|Any CPU.Build.0 = Release|Any CPU
	EndGlobalSection
	GlobalSection(SolutionProperties) = preSolution
		HideSolutionNode = FALSE
	EndGlobalSection
	GlobalSection(ExtensibilityGlobals) = postSolution
		SolutionGuid = {A2A3DE58-8AAF-41D1-A9DF-4533A30EF3D5}
	EndGlobalSection
EndGlobal
